# This file is automatically @generated by Cargo.
# It is not intended for manual editing.
[[package]]
name = "rust_shell"
version = "0.1.0"
dependencies = [
 "shells",
]

[[package]]
name = "shells"
version = "0.2.0"
source = "registry+https://github.com/rust-lang/crates.io-index"
checksum = "5d293d1d5246e244c4ff268aee246f18f42c817bee61f10a951093fdb9518528"
